
Microsoft Visual Studio Solution File, Format Version 12.00
# Visual Studio 15
VisualStudioVersion = 15.0.27428.2005
MinimumVisualStudioVersion = 10.0.40219.1
Project("{FAE04EC0-301F-11D3-BF4B-00C04F79EFBC}") = "ToyNeuralNetwork", "ToyNeuralNetwork\ToyNeuralNetwork.csproj", "{0FD6025F-D1A9-4758-92AB-43C6C1B7FA75}"
EndProject
Project("{FAE04EC0-301F-11D3-BF4B-00C04F79EFBC}") = "ToyNeuralNetwork.Test", "ToyNeuralNetwork.Test\ToyNeuralNetwork.Test.csproj", "{F985E0BB-AC4B-4AFC-AA36-7A23E21F3681}"
EndProject
Global
	GlobalSection(SolutionConfigurationPlatforms) = preSolution
		Debug|Any CPU = Debug|Any CPU
		Release|Any CPU = Release|Any CPU
	EndGlobalSection
	GlobalSection(ProjectConfigurationPlatforms) = postSolution
		{0FD6025F-D1A9-4758-92AB-43C6C1B7FA75}.Debug|Any CPU.ActiveCfg = Debug|Any CPU
		{0FD6025F-D1A9-4758-92AB-43C6C1B7FA75}.Debug|Any CPU.Build.0 = Debug|Any CPU
		{0FD6025F-D1A9-4758-92AB-43C6C1B7FA75}.Release|Any CPU.ActiveCfg = Release|Any CPU
		{0FD6025F-D1A9-4758-92AB-43C6C1B7FA75}.Release|Any CPU.Build.0 = Release|Any CPU
		{F985E0BB-AC4B-4AFC-AA36-7A23E21F3681}.Debug|Any CPU.ActiveCfg = Debug|Any CPU
		{F985E0BB-AC4B-4AFC-AA36-7A23E21F3681}.Debug|Any CPU.Build.0 = Debug|Any CPU
		{F985E0BB-AC4B-4AFC-AA36-7A23E21F3681}.Release|Any CPU.ActiveCfg = Release|Any CPU
		{F985E0BB-AC4B-4AFC-AA36-7A23E21F3681}.Release|Any CPU.Build.0 = Release|Any CPU
	EndGlobalSection
	GlobalSection(SolutionProperties) = preSolution
		HideSolutionNode = FALSE
	EndGlobalSection
	GlobalSection(ExtensibilityGlobals) = postSolution
		SolutionGuid = {F69CDFA2-7FB2-4E77-B825-DE4AB475EB25}
	EndGlobalSection
EndGlobal
